// !$*UTF8*$!
{
	archiveVersion = 1;
	classes = {
	};
	objectVersion = 46;
	objects = {

/* Begin PBXBuildFile section */
		6D0C605E1C4DD9A6004EB158 /* DragImg.swift in Sources */ = {isa = PBXBuildFile; fileRef = 6D0C605D1C4DD9A6004EB158 /* DragImg.swift */; };
		6D0C60621C4DDC81004EB158 /* MonsterImg.swift in Sources */ = {isa = PBXBuildFile; fileRef = 6D0C60611C4DDC81004EB158 /* MonsterImg.swift */; };
		6D0C60681C4DF118004EB158 /* bite.wav in Resources */ = {isa = PBXBuildFile; fileRef = 6D0C60631C4DF118004EB158 /* bite.wav */; };
		6D0C60691C4DF118004EB158 /* cave-music.mp3 in Resources */ = {isa = PBXBuildFile; fileRef = 6D0C60641C4DF118004EB158 /* cave-music.mp3 */; };
		6D0C606A1C4DF118004EB158 /* death.wav in Resources */ = {isa = PBXBuildFile; fileRef = 6D0C60651C4DF118004EB158 /* death.wav */; };
		6D0C606B1C4DF118004EB158 /* heart.wav in Resources */ = {isa = PBXBuildFile; fileRef = 6D0C60661C4DF118004EB158 /* heart.wav */; };
		6D0C606C1C4DF118004EB158 /* skull.wav in Resources */ = {isa = PBXBuildFile; fileRef = 6D0C60671C4DF118004EB158 /* skull.wav */; };
		6DCC529B1C4DB8AB00319AA3 /* AppDelegate.swift in Sources */ = {isa = PBXBuildFile; fileRef = 6DCC529A1C4DB8AB00319AA3 /* AppDelegate.swift */; };
		6DCC529D1C4DB8AB00319AA3 /* ViewController.swift in Sources */ = {isa = PBXBuildFile; fileRef = 6DCC529C1C4DB8AB00319AA3 /* ViewController.swift */; };
		6DCC52A01C4DB8AB00319AA3 /* Main.storyboard in Resources */ = {isa = PBXBuildFile; fileRef = 6DCC529E1C4DB8AB00319AA3 /* Main.storyboard */; };
		6DCC52A21C4DB8AB00319AA3 /* Assets.xcassets in Resources */ = {isa = PBXBuildFile; fileRef = 6DCC52A11C4DB8AB00319AA3 /* Assets.xcassets */; };
		6DCC52A51C4DB8AB00319AA3 /* LaunchScreen.storyboard in Resources */ = {isa = PBXBuildFile; fileRef = 6DCC52A31C4DB8AB00319AA3 /* LaunchScreen.storyboard */; };
/* End PBXBuildFile section */

/* Begin PBXFileReference section */
		6D0C605D1C4DD9A6004EB158 /* DragImg.swift */ = {isa = PBXFileReference; fileEncoding = 4; lastKnownFileType = sourcecode.swift; name = DragImg.swift; path = ../DragImg.swift; sourceTree = "<group>"; };
		6D0C60611C4DDC81004EB158 /* MonsterImg.swift */ = {isa = PBXFileReference; fileEncoding = 4; lastKnownFileType = sourcecode.swift; name = MonsterImg.swift; path = ../MonsterImg.swift; sourceTree = "<group>"; };
		6D0C60631C4DF118004EB158 /* bite.wav */ = {isa = PBXFileReference; lastKnownFileType = audio.wav; path = bite.wav; sourceTree = "<group>"; };
		6D0C60641C4DF118004EB158 /* cave-music.mp3 */ = {isa = PBXFileReference; lastKnownFileType = audio.mp3; path = "cave-music.mp3"; sourceTree = "<group>"; };
		6D0C60651C4DF118004EB158 /* death.wav */ = {isa = PBXFileReference; lastKnownFileType = audio.wav; path = death.wav; sourceTree = "<group>"; };
		6D0C60661C4DF118004EB158 /* heart.wav */ = {isa = PBXFileReference; lastKnownFileType = audio.wav; path = heart.wav; sourceTree = "<group>"; };
		6D0C60671C4DF118004EB158 /* skull.wav */ = {isa = PBXFileReference; lastKnownFileType = audio.wav; path = skull.wav; sourceTree = "<group>"; };
		6DCC52971C4DB8AB00319AA3 /* mylittlemonster.app */ = {isa = PBXFileReference; explicitFileType = wrapper.application; includeInIndex = 0; path = mylittlemonster.app; sourceTree = BUILT_PRODUCTS_DIR; };
		6DCC529A1C4DB8AB00319AA3 /* AppDelegate.swift */ = {isa = PBXFileReference; lastKnownFileType = sourcecode.swift; path = AppDelegate.swift; sourceTree = "<group>"; };
		6DCC529C1C4DB8AB00319AA3 /* ViewController.swift */ = {isa = PBXFileReference; lastKnownFileType = sourcecode.swift; path = ViewController.swift; sourceTree = "<group>"; };
		6DCC529F1C4DB8AB00319AA3 /* Base */ = {isa = PBXFileReference; lastKnownFileType = file.storyboard; name = Base; path = Base.lproj/Main.storyboard; sourceTree = "<group>"; };
		6DCC52A11C4DB8AB00319AA3 /* Assets.xcassets */ = {isa = PBXFileReference; lastKnownFileType = folder.assetcatalog; path = Assets.xcassets; sourceTree = "<group>"; };
		6DCC52A41C4DB8AB00319AA3 /* Base */ = {isa = PBXFileReference; lastKnownFileType = file.storyboard; name = Base; path = Base.lproj/LaunchScreen.storyboard; sourceTree = "<group>"; };
		6DCC52A61C4DB8AB00319AA3 /* Info.plist */ = {isa = PBXFileReference; lastKnownFileType = text.plist.xml; path = Info.plist; sourceTree = "<group>"; };
/* End PBXFileReference section */

/* Begin PBXFrameworksBuildPhase section */
		6DCC52941C4DB8AB00319AA3 /* Frameworks */ = {
			isa = PBXFrameworksBuildPhase;
			buildActionMask = 2147483647;
			files = (
			);
			runOnlyForDeploymentPostprocessing = 0;
		};
/* End PBXFrameworksBuildPhase section */

/* Begin PBXGroup section */
		6DCC528E1C4DB8AB00319AA3 = {
			isa = PBXGroup;
			children = (
				6DCC52991C4DB8AB00319AA3 /* mylittlemonster */,
				6DCC52981C4DB8AB00319AA3 /* Products */,
			);
			sourceTree = "<group>";
		};
		6DCC52981C4DB8AB00319AA3 /* Products */ = {
			isa = PBXGroup;
			children = (
				6DCC52971C4DB8AB00319AA3 /* mylittlemonster.app */,
			);
			name = Products;
			sourceTree = "<group>";
		};
		6DCC52991C4DB8AB00319AA3 /* mylittlemonster */ = {
			isa = PBXGroup;
			children = (
				6D0C60631C4DF118004EB158 /* bite.wav */,
				6D0C60641C4DF118004EB158 /* cave-music.mp3 */,
				6D0C60651C4DF118004EB158 /* death.wav */,
				6D0C60661C4DF118004EB158 /* heart.wav */,
				6D0C60671C4DF118004EB158 /* skull.wav */,
				6DCC529A1C4DB8AB00319AA3 /* AppDelegate.swift */,
				6DCC529C1C4DB8AB00319AA3 /* ViewController.swift */,
				6DCC529E1C4DB8AB00319AA3 /* Main.storyboard */,
				6DCC52A11C4DB8AB00319AA3 /* Assets.xcassets */,
				6DCC52A31C4DB8AB00319AA3 /* LaunchScreen.storyboard */,
				6DCC52A61C4DB8AB00319AA3 /* Info.plist */,
				6D0C605D1C4DD9A6004EB158 /* DragImg.swift */,
				6D0C60611C4DDC81004EB158 /* MonsterImg.swift */,
			);
			path = mylittlemonster;
			sourceTree = "<group>";
		};
/* End PBXGroup section */

/* Begin PBXNativeTarget section */
		6DCC52961C4DB8AB00319AA3 /* mylittlemonster */ = {
			isa = PBXNativeTarget;
			buildConfigurationList = 6DCC52A91C4DB8AB00319AA3 /* Build configuration list for PBXNativeTarget "mylittlemonster" */;
			buildPhases = (
				6DCC52931C4DB8AB00319AA3 /* Sources */,
				6DCC52941C4DB8AB00319AA3 /* Frameworks */,
				6DCC52951C4DB8AB00319AA3 /* Resources */,
			);
			buildRules = (
			);
			dependencies = (
			);
			name = mylittlemonster;
			productName = mylittlemonster;
			productReference = 6DCC52971C4DB8AB00319AA3 /* mylittlemonster.app */;
			productType = "com.apple.product-type.application";
		};
/* End PBXNativeTarget section */

/* Begin PBXProject section */
		6DCC528F1C4DB8AB00319AA3 /* Project object */ = {
			isa = PBXProject;
			attributes = {
				LastSwiftUpdateCheck = 0720;
				LastUpgradeCheck = 0720;
				ORGANIZATIONNAME = "Angus Mak";
				TargetAttributes = {
					6DCC52961C4DB8AB00319AA3 = {
						CreatedOnToolsVersion = 7.2;
					};
				};
			};
			buildConfigurationList = 6DCC52921C4DB8AB00319AA3 /* Build configuration list for PBXProject "mylittlemonster" */;
			compatibilityVersion = "Xcode 3.2";
			developmentRegion = English;
			hasScannedForEncodings = 0;
			knownRegions = (
				en,
				Base,
			);
			mainGroup = 6DCC528E1C4DB8AB00319AA3;
			productRefGroup = 6DCC52981C4DB8AB00319AA3 /* Products */;
			projectDirPath = "";
			projectRoot = "";
			targets = (
				6DCC52961C4DB8AB00319AA3 /* mylittlemonster */,
			);
		};
/* End PBXProject section */

/* Begin PBXResourcesBuildPhase section */
		6DCC52951C4DB8AB00319AA3 /* Resources */ = {
			isa = PBXResourcesBuildPhase;
			buildActionMask = 2147483647;
			files = (
				6D0C606C1C4DF118004EB158 /* skull.wav in Resources */,
				6D0C60681C4DF118004EB158 /* bite.wav in Resources */,
				6D0C606A1C4DF118004EB158 /* death.wav in Resources */,
				6D0C606B1C4DF118004EB158 /* heart.wav in Resources */,
				6D0C60691C4DF118004EB158 /* cave-music.mp3 in Resources */,
				6DCC52A51C4DB8AB00319AA3 /* LaunchScreen.storyboard in Resources */,
				6DCC52A21C4DB8AB00319AA3 /* Assets.xcassets in Resources */,
				6DCC52A01C4DB8AB00319AA3 /* Main.storyboard in Resources */,
			);
			runOnlyForDeploymentPostprocessing = 0;
		};
/* End PBXResourcesBuildPhase section */

/* Begin PBXSourcesBuildPhase section */
		6DCC52931C4DB8AB00319AA3 /* Sources */ = {
			isa = PBXSourcesBuildPhase;
			buildActionMask = 2147483647;
			files = (
				6D0C60621C4DDC81004EB158 /* MonsterImg.swift in Sources */,
				6D0C605E1C4DD9A6004EB158 /* DragImg.swift in Sources */,
				6DCC529D1C4DB8AB00319AA3 /* ViewController.swift in Sources */,
				6DCC529B1C4DB8AB00319AA3 /* AppDelegate.swift in Sources */,
			);
			runOnlyForDeploymentPostprocessing = 0;
		};
/* End PBXSourcesBuildPhase section */

/* Begin PBXVariantGroup section */
		6DCC529E1C4DB8AB00319AA3 /* Main.storyboard */ = {
			isa = PBXVariantGroup;
			children = (
				6DCC529F1C4DB8AB00319AA3 /* Base */,
			);
			name = Main.storyboard;
			sourceTree = "<group>";
		};
		6DCC52A31C4DB8AB00319AA3 /* LaunchScreen.storyboard */ = {
			isa = PBXVariantGroup;
			children = (
				6DCC52A41C4DB8AB00319AA3 /* Base */,
			);
			name = LaunchScreen.storyboard;
			sourceTree = "<group>";
		};
/* End PBXVariantGroup section */

/* Begin XCBuildConfiguration section */
		6DCC52A71C4DB8AB00319AA3 /* Debug */ = {
			isa = XCBuildConfiguration;
			buildSettings = {
				ALWAYS_SEARCH_USER_PATHS = NO;
				CLANG_CXX_LANGUAGE_STANDARD = "gnu++0x";
				CLANG_CXX_LIBRARY = "libc++";
				CLANG_ENABLE_MODULES = YES;
				CLANG_ENABLE_OBJC_ARC = YES;
				CLANG_WARN_BOOL_CONVERSION = YES;
				CLANG_WARN_CONSTANT_CONVERSION = YES;
				CLANG_WARN_DIRECT_OBJC_ISA_USAGE = YES_ERROR;
				CLANG_WARN_EMPTY_BODY = YES;
				CLANG_WARN_ENUM_CONVERSION = YES;
				CLANG_WARN_INT_CONVERSION = YES;
				CLANG_WARN_OBJC_ROOT_CLASS = YES_ERROR;
				CLANG_WARN_UNREACHABLE_CODE = YES;
				CLANG_WARN__DUPLICATE_METHOD_MATCH = YES;
				"CODE_SIGN_IDENTITY[sdk=iphoneos*]" = "iPhone Developer";
				COPY_PHASE_STRIP = NO;
				DEBUG_INFORMATION_FORMAT = dwarf;
				ENABLE_STRICT_OBJC_MSGSEND = YES;
				ENABLE_TESTABILITY = YES;
				GCC_C_LANGUAGE_STANDARD = gnu99;
				GCC_DYNAMIC_NO_PIC = NO;
				GCC_NO_COMMON_BLOCKS = YES;
				GCC_OPTIMIZATION_LEVEL = 0;
				GCC_PREPROCESSOR_DEFINITIONS = (
					"DEBUG=1",
					"$(inherited)",
				);
				GCC_WARN_64_TO_32_BIT_CONVERSION = YES;
				GCC_WARN_ABOUT_RETURN_TYPE = YES_ERROR;
				GCC_WARN_UNDECLARED_SELECTOR = YES;
				GCC_WARN_UNINITIALIZED_AUTOS = YES_AGGRESSIVE;
				GCC_WARN_UNUSED_FUNCTION = YES;
				GCC_WARN_UNUSED_VARIABLE = YES;
				IPHONEOS_DEPLOYMENT_TARGET = 9.2;
				MTL_ENABLE_DEBUG_INFO = YES;
				ONLY_ACTIVE_ARCH = YES;
				SDKROOT = iphoneos;
				SWIFT_OPTIMIZATION_LEVEL = "-Onone";
			};
			name = Debug;
		};
		6DCC52A81C4DB8AB00319AA3 /* Release */ = {
			isa = XCBuildConfiguration;
			buildSettings = {
				ALWAYS_SEARCH_USER_PATHS = NO;
				CLANG_CXX_LANGUAGE_STANDARD = "gnu++0x";
				CLANG_CXX_LIBRARY = "libc++";
				CLANG_ENABLE_MODULES = YES;
				CLANG_ENABLE_OBJC_ARC = YES;
				CLANG_WARN_BOOL_CONVERSION = YES;
				CLANG_WARN_CONSTANT_CONVERSION = YES;
				CLANG_WARN_DIRECT_OBJC_ISA_USAGE = YES_ERROR;
				CLANG_WARN_EMPTY_BODY = YES;
				CLANG_WARN_ENUM_CONVERSION = YES;
				CLANG_WARN_INT_CONVERSION = YES;
				CLANG_WARN_OBJC_ROOT_CLASS = YES_ERROR;
				CLANG_WARN_UNREACHABLE_CODE = YES;
				CLANG_WARN__DUPLICATE_METHOD_MATCH = YES;
				"CODE_SIGN_IDENTITY[sdk=iphoneos*]" = "iPhone Developer";
				COPY_PHASE_STRIP = NO;
				DEBUG_INFORMATION_FORMAT = "dwarf-with-dsym";
				ENABLE_NS_ASSERTIONS = NO;
				ENABLE_STRICT_OBJC_MSGSEND = YES;
				GCC_C_LANGUAGE_STANDARD = gnu99;
				GCC_NO_COMMON_BLOCKS = YES;
				GCC_WARN_64_TO_32_BIT_CONVERSION = YES;
				GCC_WARN_ABOUT_RETURN_TYPE = YES_ERROR;
				GCC_WARN_UNDECLARED_SELECTOR = YES;
				GCC_WARN_UNINITIALIZED_AUTOS = YES_AGGRESSIVE;
				GCC_WARN_UNUSED_FUNCTION = YES;
				GCC_WARN_UNUSED_VARIABLE = YES;
				IPHONEOS_DEPLOYMENT_TARGET = 9.2;
				MTL_ENABLE_DEBUG_INFO = NO;
				SDKROOT = iphoneos;
				VALIDATE_PRODUCT = YES;
			};
			name = Release;
		};
		6DCC52AA1C4DB8AB00319AA3 /* Debug */ = {
			isa = XCBuildConfiguration;
			buildSettings = {
				ASSETCATALOG_COMPILER_APPICON_NAME = AppIcon;
				INFOPLIST_FILE = mylittlemonster/Info.plist;
				LD_RUNPATH_SEARCH_PATHS = "$(inherited) @executable_path/Frameworks";
				PRODUCT_BUNDLE_IDENTIFIER = com.makangus.mylittlemonster;
				PRODUCT_NAME = "$(TARGET_NAME)";
				TARGETED_DEVICE_FAMILY = "1,2";
			};
			name = Debug;
		};
		6DCC52AB1C4DB8AB00319AA3 /* Release */ = {
			isa = XCBuildConfiguration;
			buildSettings = {
				ASSETCATALOG_COMPILER_APPICON_NAME = AppIcon;
				INFOPLIST_FILE = mylittlemonster/Info.plist;
				LD_RUNPATH_SEARCH_PATHS = "$(inherited) @executable_path/Frameworks";
				PRODUCT_BUNDLE_IDENTIFIER = com.makangus.mylittlemonster;
				PRODUCT_NAME = "$(TARGET_NAME)";
				TARGETED_DEVICE_FAMILY = "1,2";
			};
			name = Release;
		};
/* End XCBuildConfiguration section */

/* Begin XCConfigurationList section */
		6DCC52921C4DB8AB00319AA3 /* Build configuration list for PBXProject "mylittlemonster" */ = {
			isa = XCConfigurationList;
			buildConfigurations = (
				6DCC52A71C4DB8AB00319AA3 /* Debug */,
				6DCC52A81C4DB8AB00319AA3 /* Release */,
			);
			defaultConfigurationIsVisible = 0;
			defaultConfigurationName = Release;
		};
		6DCC52A91C4DB8AB00319AA3 /* Build configuration list for PBXNativeTarget "mylittlemonster" */ = {
			isa = XCConfigurationList;
			buildConfigurations = (
				6DCC52AA1C4DB8AB00319AA3 /* Debug */,
				6DCC52AB1C4DB8AB00319AA3 /* Release */,
			);
			defaultConfigurationIsVisible = 0;
			defaultConfigurationName = Release;
		};
/* End XCConfigurationList section */
	};
	rootObject = 6DCC528F1C4DB8AB00319AA3 /* Project object */;
}
