// !$*UTF8*$!
{
	archiveVersion = 1;
	classes = {
	};
	objectVersion = 46;
	objects = {

/* Begin PBXBuildFile section */
		6D47BE631C504B1B00639530 /* AppDelegate.swift in Sources */ = {isa = PBXBuildFile; fileRef = 6D47BE621C504B1B00639530 /* AppDelegate.swift */; };
		6D47BE651C504B1B00639530 /* ViewController.swift in Sources */ = {isa = PBXBuildFile; fileRef = 6D47BE641C504B1B00639530 /* ViewController.swift */; };
		6D47BE681C504B1B00639530 /* Main.storyboard in Resources */ = {isa = PBXBuildFile; fileRef = 6D47BE661C504B1B00639530 /* Main.storyboard */; };
		6D47BE6A1C504B1B00639530 /* Assets.xcassets in Resources */ = {isa = PBXBuildFile; fileRef = 6D47BE691C504B1B00639530 /* Assets.xcassets */; };
		6D47BE6D1C504B1B00639530 /* LaunchScreen.storyboard in Resources */ = {isa = PBXBuildFile; fileRef = 6D47BE6B1C504B1B00639530 /* LaunchScreen.storyboard */; };
/* End PBXBuildFile section */

/* Begin PBXFileReference section */
		6D47BE5F1C504B1B00639530 /* emums.app */ = {isa = PBXFileReference; explicitFileType = wrapper.application; includeInIndex = 0; path = emums.app; sourceTree = BUILT_PRODUCTS_DIR; };
		6D47BE621C504B1B00639530 /* AppDelegate.swift */ = {isa = PBXFileReference; lastKnownFileType = sourcecode.swift; path = AppDelegate.swift; sourceTree = "<group>"; };
		6D47BE641C504B1B00639530 /* ViewController.swift */ = {isa = PBXFileReference; lastKnownFileType = sourcecode.swift; path = ViewController.swift; sourceTree = "<group>"; };
		6D47BE671C504B1B00639530 /* Base */ = {isa = PBXFileReference; lastKnownFileType = file.storyboard; name = Base; path = Base.lproj/Main.storyboard; sourceTree = "<group>"; };
		6D47BE691C504B1B00639530 /* Assets.xcassets */ = {isa = PBXFileReference; lastKnownFileType = folder.assetcatalog; path = Assets.xcassets; sourceTree = "<group>"; };
		6D47BE6C1C504B1B00639530 /* Base */ = {isa = PBXFileReference; lastKnownFileType = file.storyboard; name = Base; path = Base.lproj/LaunchScreen.storyboard; sourceTree = "<group>"; };
		6D47BE6E1C504B1B00639530 /* Info.plist */ = {isa = PBXFileReference; lastKnownFileType = text.plist.xml; path = Info.plist; sourceTree = "<group>"; };
/* End PBXFileReference section */

/* Begin PBXFrameworksBuildPhase section */
		6D47BE5C1C504B1B00639530 /* Frameworks */ = {
			isa = PBXFrameworksBuildPhase;
			buildActionMask = 2147483647;
			files = (
			);
			runOnlyForDeploymentPostprocessing = 0;
		};
/* End PBXFrameworksBuildPhase section */

/* Begin PBXGroup section */
		6D47BE561C504B1B00639530 = {
			isa = PBXGroup;
			children = (
				6D47BE611C504B1B00639530 /* emums */,
				6D47BE601C504B1B00639530 /* Products */,
			);
			sourceTree = "<group>";
		};
		6D47BE601C504B1B00639530 /* Products */ = {
			isa = PBXGroup;
			children = (
				6D47BE5F1C504B1B00639530 /* emums.app */,
			);
			name = Products;
			sourceTree = "<group>";
		};
		6D47BE611C504B1B00639530 /* emums */ = {
			isa = PBXGroup;
			children = (
				6D47BE621C504B1B00639530 /* AppDelegate.swift */,
				6D47BE641C504B1B00639530 /* ViewController.swift */,
				6D47BE661C504B1B00639530 /* Main.storyboard */,
				6D47BE691C504B1B00639530 /* Assets.xcassets */,
				6D47BE6B1C504B1B00639530 /* LaunchScreen.storyboard */,
				6D47BE6E1C504B1B00639530 /* Info.plist */,
			);
			path = emums;
			sourceTree = "<group>";
		};
/* End PBXGroup section */

/* Begin PBXNativeTarget section */
		6D47BE5E1C504B1B00639530 /* emums */ = {
			isa = PBXNativeTarget;
			buildConfigurationList = 6D47BE711C504B1B00639530 /* Build configuration list for PBXNativeTarget "emums" */;
			buildPhases = (
				6D47BE5B1C504B1B00639530 /* Sources */,
				6D47BE5C1C504B1B00639530 /* Frameworks */,
				6D47BE5D1C504B1B00639530 /* Resources */,
			);
			buildRules = (
			);
			dependencies = (
			);
			name = emums;
			productName = emums;
			productReference = 6D47BE5F1C504B1B00639530 /* emums.app */;
			productType = "com.apple.product-type.application";
		};
/* End PBXNativeTarget section */

/* Begin PBXProject section */
		6D47BE571C504B1B00639530 /* Project object */ = {
			isa = PBXProject;
			attributes = {
				LastSwiftUpdateCheck = 0720;
				LastUpgradeCheck = 0720;
				ORGANIZATIONNAME = "Angus Mak";
				TargetAttributes = {
					6D47BE5E1C504B1B00639530 = {
						CreatedOnToolsVersion = 7.2;
					};
				};
			};
			buildConfigurationList = 6D47BE5A1C504B1B00639530 /* Build configuration list for PBXProject "emums" */;
			compatibilityVersion = "Xcode 3.2";
			developmentRegion = English;
			hasScannedForEncodings = 0;
			knownRegions = (
				en,
				Base,
			);
			mainGroup = 6D47BE561C504B1B00639530;
			productRefGroup = 6D47BE601C504B1B00639530 /* Products */;
			projectDirPath = "";
			projectRoot = "";
			targets = (
				6D47BE5E1C504B1B00639530 /* emums */,
			);
		};
/* End PBXProject section */

/* Begin PBXResourcesBuildPhase section */
		6D47BE5D1C504B1B00639530 /* Resources */ = {
			isa = PBXResourcesBuildPhase;
			buildActionMask = 2147483647;
			files = (
				6D47BE6D1C504B1B00639530 /* LaunchScreen.storyboard in Resources */,
				6D47BE6A1C504B1B00639530 /* Assets.xcassets in Resources */,
				6D47BE681C504B1B00639530 /* Main.storyboard in Resources */,
			);
			runOnlyForDeploymentPostprocessing = 0;
		};
/* End PBXResourcesBuildPhase section */

/* Begin PBXSourcesBuildPhase section */
		6D47BE5B1C504B1B00639530 /* Sources */ = {
			isa = PBXSourcesBuildPhase;
			buildActionMask = 2147483647;
			files = (
				6D47BE651C504B1B00639530 /* ViewController.swift in Sources */,
				6D47BE631C504B1B00639530 /* AppDelegate.swift in Sources */,
			);
			runOnlyForDeploymentPostprocessing = 0;
		};
/* End PBXSourcesBuildPhase section */

/* Begin PBXVariantGroup section */
		6D47BE661C504B1B00639530 /* Main.storyboard */ = {
			isa = PBXVariantGroup;
			children = (
				6D47BE671C504B1B00639530 /* Base */,
			);
			name = Main.storyboard;
			sourceTree = "<group>";
		};
		6D47BE6B1C504B1B00639530 /* LaunchScreen.storyboard */ = {
			isa = PBXVariantGroup;
			children = (
				6D47BE6C1C504B1B00639530 /* Base */,
			);
			name = LaunchScreen.storyboard;
			sourceTree = "<group>";
		};
/* End PBXVariantGroup section */

/* Begin XCBuildConfiguration section */
		6D47BE6F1C504B1B00639530 /* Debug */ = {
			isa = XCBuildConfiguration;
			buildSettings = {
				ALWAYS_SEARCH_USER_PATHS = NO;
				CLANG_CXX_LANGUAGE_STANDARD = "gnu++0x";
				CLANG_CXX_LIBRARY = "libc++";
				CLANG_ENABLE_MODULES = YES;
				CLANG_ENABLE_OBJC_ARC = YES;
				CLANG_WARN_BOOL_CONVERSION = YES;
				CLANG_WARN_CONSTANT_CONVERSION = YES;
				CLANG_WARN_DIRECT_OBJC_ISA_USAGE = YES_ERROR;
				CLANG_WARN_EMPTY_BODY = YES;
				CLANG_WARN_ENUM_CONVERSION = YES;
				CLANG_WARN_INT_CONVERSION = YES;
				CLANG_WARN_OBJC_ROOT_CLASS = YES_ERROR;
				CLANG_WARN_UNREACHABLE_CODE = YES;
				CLANG_WARN__DUPLICATE_METHOD_MATCH = YES;
				"CODE_SIGN_IDENTITY[sdk=iphoneos*]" = "iPhone Developer";
				COPY_PHASE_STRIP = NO;
				DEBUG_INFORMATION_FORMAT = dwarf;
				ENABLE_STRICT_OBJC_MSGSEND = YES;
				ENABLE_TESTABILITY = YES;
				GCC_C_LANGUAGE_STANDARD = gnu99;
				GCC_DYNAMIC_NO_PIC = NO;
				GCC_NO_COMMON_BLOCKS = YES;
				GCC_OPTIMIZATION_LEVEL = 0;
				GCC_PREPROCESSOR_DEFINITIONS = (
					"DEBUG=1",
					"$(inherited)",
				);
				GCC_WARN_64_TO_32_BIT_CONVERSION = YES;
				GCC_WARN_ABOUT_RETURN_TYPE = YES_ERROR;
				GCC_WARN_UNDECLARED_SELECTOR = YES;
				GCC_WARN_UNINITIALIZED_AUTOS = YES_AGGRESSIVE;
				GCC_WARN_UNUSED_FUNCTION = YES;
				GCC_WARN_UNUSED_VARIABLE = YES;
				IPHONEOS_DEPLOYMENT_TARGET = 9.2;
				MTL_ENABLE_DEBUG_INFO = YES;
				ONLY_ACTIVE_ARCH = YES;
				SDKROOT = iphoneos;
				SWIFT_OPTIMIZATION_LEVEL = "-Onone";
				TARGETED_DEVICE_FAMILY = "1,2";
			};
			name = Debug;
		};
		6D47BE701C504B1B00639530 /* Release */ = {
			isa = XCBuildConfiguration;
			buildSettings = {
				ALWAYS_SEARCH_USER_PATHS = NO;
				CLANG_CXX_LANGUAGE_STANDARD = "gnu++0x";
				CLANG_CXX_LIBRARY = "libc++";
				CLANG_ENABLE_MODULES = YES;
				CLANG_ENABLE_OBJC_ARC = YES;
				CLANG_WARN_BOOL_CONVERSION = YES;
				CLANG_WARN_CONSTANT_CONVERSION = YES;
				CLANG_WARN_DIRECT_OBJC_ISA_USAGE = YES_ERROR;
				CLANG_WARN_EMPTY_BODY = YES;
				CLANG_WARN_ENUM_CONVERSION = YES;
				CLANG_WARN_INT_CONVERSION = YES;
				CLANG_WARN_OBJC_ROOT_CLASS = YES_ERROR;
				CLANG_WARN_UNREACHABLE_CODE = YES;
				CLANG_WARN__DUPLICATE_METHOD_MATCH = YES;
				"CODE_SIGN_IDENTITY[sdk=iphoneos*]" = "iPhone Developer";
				COPY_PHASE_STRIP = NO;
				DEBUG_INFORMATION_FORMAT = "dwarf-with-dsym";
				ENABLE_NS_ASSERTIONS = NO;
				ENABLE_STRICT_OBJC_MSGSEND = YES;
				GCC_C_LANGUAGE_STANDARD = gnu99;
				GCC_NO_COMMON_BLOCKS = YES;
				GCC_WARN_64_TO_32_BIT_CONVERSION = YES;
				GCC_WARN_ABOUT_RETURN_TYPE = YES_ERROR;
				GCC_WARN_UNDECLARED_SELECTOR = YES;
				GCC_WARN_UNINITIALIZED_AUTOS = YES_AGGRESSIVE;
				GCC_WARN_UNUSED_FUNCTION = YES;
				GCC_WARN_UNUSED_VARIABLE = YES;
				IPHONEOS_DEPLOYMENT_TARGET = 9.2;
				MTL_ENABLE_DEBUG_INFO = NO;
				SDKROOT = iphoneos;
				TARGETED_DEVICE_FAMILY = "1,2";
				VALIDATE_PRODUCT = YES;
			};
			name = Release;
		};
		6D47BE721C504B1B00639530 /* Debug */ = {
			isa = XCBuildConfiguration;
			buildSettings = {
				ASSETCATALOG_COMPILER_APPICON_NAME = AppIcon;
				INFOPLIST_FILE = emums/Info.plist;
				LD_RUNPATH_SEARCH_PATHS = "$(inherited) @executable_path/Frameworks";
				PRODUCT_BUNDLE_IDENTIFIER = com.makangus.emums;
				PRODUCT_NAME = "$(TARGET_NAME)";
			};
			name = Debug;
		};
		6D47BE731C504B1B00639530 /* Release */ = {
			isa = XCBuildConfiguration;
			buildSettings = {
				ASSETCATALOG_COMPILER_APPICON_NAME = AppIcon;
				INFOPLIST_FILE = emums/Info.plist;
				LD_RUNPATH_SEARCH_PATHS = "$(inherited) @executable_path/Frameworks";
				PRODUCT_BUNDLE_IDENTIFIER = com.makangus.emums;
				PRODUCT_NAME = "$(TARGET_NAME)";
			};
			name = Release;
		};
/* End XCBuildConfiguration section */

/* Begin XCConfigurationList section */
		6D47BE5A1C504B1B00639530 /* Build configuration list for PBXProject "emums" */ = {
			isa = XCConfigurationList;
			buildConfigurations = (
				6D47BE6F1C504B1B00639530 /* Debug */,
				6D47BE701C504B1B00639530 /* Release */,
			);
			defaultConfigurationIsVisible = 0;
			defaultConfigurationName = Release;
		};
		6D47BE711C504B1B00639530 /* Build configuration list for PBXNativeTarget "emums" */ = {
			isa = XCConfigurationList;
			buildConfigurations = (
				6D47BE721C504B1B00639530 /* Debug */,
				6D47BE731C504B1B00639530 /* Release */,
			);
			defaultConfigurationIsVisible = 0;
		};
/* End XCConfigurationList section */
	};
	rootObject = 6D47BE571C504B1B00639530 /* Project object */;
}
