// !$*UTF8*$!
{
	archiveVersion = 1;
	classes = {
	};
	objectVersion = 46;
	objects = {

/* Begin PBXBuildFile section */
		6D1958EC1C56D2A100726CA3 /* AppDelegate.swift in Sources */ = {isa = PBXBuildFile; fileRef = 6D1958EB1C56D2A100726CA3 /* AppDelegate.swift */; };
		6D1958EE1C56D2A100726CA3 /* ViewController.swift in Sources */ = {isa = PBXBuildFile; fileRef = 6D1958ED1C56D2A100726CA3 /* ViewController.swift */; };
		6D1958F11C56D2A100726CA3 /* Main.storyboard in Resources */ = {isa = PBXBuildFile; fileRef = 6D1958EF1C56D2A100726CA3 /* Main.storyboard */; };
		6D1958F31C56D2A100726CA3 /* Assets.xcassets in Resources */ = {isa = PBXBuildFile; fileRef = 6D1958F21C56D2A100726CA3 /* Assets.xcassets */; };
		6D1958F61C56D2A100726CA3 /* LaunchScreen.storyboard in Resources */ = {isa = PBXBuildFile; fileRef = 6D1958F41C56D2A100726CA3 /* LaunchScreen.storyboard */; };
		6D1958FF1C56D31C00726CA3 /* Post.swift in Sources */ = {isa = PBXBuildFile; fileRef = 6D1958FE1C56D31C00726CA3 /* Post.swift */; };
		6D1959041C58251700726CA3 /* PostCell.swift in Sources */ = {isa = PBXBuildFile; fileRef = 6D1959031C58251700726CA3 /* PostCell.swift */; };
/* End PBXBuildFile section */

/* Begin PBXFileReference section */
		6D1958E81C56D2A100726CA3 /* my-hood.app */ = {isa = PBXFileReference; explicitFileType = wrapper.application; includeInIndex = 0; path = "my-hood.app"; sourceTree = BUILT_PRODUCTS_DIR; };
		6D1958EB1C56D2A100726CA3 /* AppDelegate.swift */ = {isa = PBXFileReference; lastKnownFileType = sourcecode.swift; path = AppDelegate.swift; sourceTree = "<group>"; };
		6D1958ED1C56D2A100726CA3 /* ViewController.swift */ = {isa = PBXFileReference; lastKnownFileType = sourcecode.swift; path = ViewController.swift; sourceTree = "<group>"; };
		6D1958F01C56D2A100726CA3 /* Base */ = {isa = PBXFileReference; lastKnownFileType = file.storyboard; name = Base; path = Base.lproj/Main.storyboard; sourceTree = "<group>"; };
		6D1958F21C56D2A100726CA3 /* Assets.xcassets */ = {isa = PBXFileReference; lastKnownFileType = folder.assetcatalog; path = Assets.xcassets; sourceTree = "<group>"; };
		6D1958F51C56D2A100726CA3 /* Base */ = {isa = PBXFileReference; lastKnownFileType = file.storyboard; name = Base; path = Base.lproj/LaunchScreen.storyboard; sourceTree = "<group>"; };
		6D1958F71C56D2A100726CA3 /* Info.plist */ = {isa = PBXFileReference; lastKnownFileType = text.plist.xml; path = Info.plist; sourceTree = "<group>"; };
		6D1958FE1C56D31C00726CA3 /* Post.swift */ = {isa = PBXFileReference; fileEncoding = 4; lastKnownFileType = sourcecode.swift; path = Post.swift; sourceTree = "<group>"; };
		6D1959031C58251700726CA3 /* PostCell.swift */ = {isa = PBXFileReference; fileEncoding = 4; lastKnownFileType = sourcecode.swift; path = PostCell.swift; sourceTree = "<group>"; };
/* End PBXFileReference section */

/* Begin PBXFrameworksBuildPhase section */
		6D1958E51C56D2A100726CA3 /* Frameworks */ = {
			isa = PBXFrameworksBuildPhase;
			buildActionMask = 2147483647;
			files = (
			);
			runOnlyForDeploymentPostprocessing = 0;
		};
/* End PBXFrameworksBuildPhase section */

/* Begin PBXGroup section */
		6D1958DF1C56D2A100726CA3 = {
			isa = PBXGroup;
			children = (
				6D1958EA1C56D2A100726CA3 /* my-hood */,
				6D1958E91C56D2A100726CA3 /* Products */,
			);
			sourceTree = "<group>";
		};
		6D1958E91C56D2A100726CA3 /* Products */ = {
			isa = PBXGroup;
			children = (
				6D1958E81C56D2A100726CA3 /* my-hood.app */,
			);
			name = Products;
			sourceTree = "<group>";
		};
		6D1958EA1C56D2A100726CA3 /* my-hood */ = {
			isa = PBXGroup;
			children = (
				6D1958FD1C56D2FD00726CA3 /* Model */,
				6D1959001C5824C000726CA3 /* View */,
				6D1958EB1C56D2A100726CA3 /* AppDelegate.swift */,
				6D1958ED1C56D2A100726CA3 /* ViewController.swift */,
				6D1958EF1C56D2A100726CA3 /* Main.storyboard */,
				6D1958F21C56D2A100726CA3 /* Assets.xcassets */,
				6D1958F41C56D2A100726CA3 /* LaunchScreen.storyboard */,
				6D1958F71C56D2A100726CA3 /* Info.plist */,
			);
			path = "my-hood";
			sourceTree = "<group>";
		};
		6D1958FD1C56D2FD00726CA3 /* Model */ = {
			isa = PBXGroup;
			children = (
				6D1958FE1C56D31C00726CA3 /* Post.swift */,
			);
			name = Model;
			sourceTree = "<group>";
		};
		6D1959001C5824C000726CA3 /* View */ = {
			isa = PBXGroup;
			children = (
				6D1959031C58251700726CA3 /* PostCell.swift */,
			);
			name = View;
			sourceTree = "<group>";
		};
/* End PBXGroup section */

/* Begin PBXNativeTarget section */
		6D1958E71C56D2A100726CA3 /* my-hood */ = {
			isa = PBXNativeTarget;
			buildConfigurationList = 6D1958FA1C56D2A100726CA3 /* Build configuration list for PBXNativeTarget "my-hood" */;
			buildPhases = (
				6D1958E41C56D2A100726CA3 /* Sources */,
				6D1958E51C56D2A100726CA3 /* Frameworks */,
				6D1958E61C56D2A100726CA3 /* Resources */,
			);
			buildRules = (
			);
			dependencies = (
			);
			name = "my-hood";
			productName = "my-hood";
			productReference = 6D1958E81C56D2A100726CA3 /* my-hood.app */;
			productType = "com.apple.product-type.application";
		};
/* End PBXNativeTarget section */

/* Begin PBXProject section */
		6D1958E01C56D2A100726CA3 /* Project object */ = {
			isa = PBXProject;
			attributes = {
				LastSwiftUpdateCheck = 0720;
				LastUpgradeCheck = 0720;
				ORGANIZATIONNAME = "Angus Mak";
				TargetAttributes = {
					6D1958E71C56D2A100726CA3 = {
						CreatedOnToolsVersion = 7.2;
						DevelopmentTeam = 9SS6BN77J3;
					};
				};
			};
			buildConfigurationList = 6D1958E31C56D2A100726CA3 /* Build configuration list for PBXProject "my-hood" */;
			compatibilityVersion = "Xcode 3.2";
			developmentRegion = English;
			hasScannedForEncodings = 0;
			knownRegions = (
				en,
				Base,
			);
			mainGroup = 6D1958DF1C56D2A100726CA3;
			productRefGroup = 6D1958E91C56D2A100726CA3 /* Products */;
			projectDirPath = "";
			projectRoot = "";
			targets = (
				6D1958E71C56D2A100726CA3 /* my-hood */,
			);
		};
/* End PBXProject section */

/* Begin PBXResourcesBuildPhase section */
		6D1958E61C56D2A100726CA3 /* Resources */ = {
			isa = PBXResourcesBuildPhase;
			buildActionMask = 2147483647;
			files = (
				6D1958F61C56D2A100726CA3 /* LaunchScreen.storyboard in Resources */,
				6D1958F31C56D2A100726CA3 /* Assets.xcassets in Resources */,
				6D1958F11C56D2A100726CA3 /* Main.storyboard in Resources */,
			);
			runOnlyForDeploymentPostprocessing = 0;
		};
/* End PBXResourcesBuildPhase section */

/* Begin PBXSourcesBuildPhase section */
		6D1958E41C56D2A100726CA3 /* Sources */ = {
			isa = PBXSourcesBuildPhase;
			buildActionMask = 2147483647;
			files = (
				6D1958FF1C56D31C00726CA3 /* Post.swift in Sources */,
				6D1958EE1C56D2A100726CA3 /* ViewController.swift in Sources */,
				6D1958EC1C56D2A100726CA3 /* AppDelegate.swift in Sources */,
				6D1959041C58251700726CA3 /* PostCell.swift in Sources */,
			);
			runOnlyForDeploymentPostprocessing = 0;
		};
/* End PBXSourcesBuildPhase section */

/* Begin PBXVariantGroup section */
		6D1958EF1C56D2A100726CA3 /* Main.storyboard */ = {
			isa = PBXVariantGroup;
			children = (
				6D1958F01C56D2A100726CA3 /* Base */,
			);
			name = Main.storyboard;
			sourceTree = "<group>";
		};
		6D1958F41C56D2A100726CA3 /* LaunchScreen.storyboard */ = {
			isa = PBXVariantGroup;
			children = (
				6D1958F51C56D2A100726CA3 /* Base */,
			);
			name = LaunchScreen.storyboard;
			sourceTree = "<group>";
		};
/* End PBXVariantGroup section */

/* Begin XCBuildConfiguration section */
		6D1958F81C56D2A100726CA3 /* Debug */ = {
			isa = XCBuildConfiguration;
			buildSettings = {
				ALWAYS_SEARCH_USER_PATHS = NO;
				CLANG_CXX_LANGUAGE_STANDARD = "gnu++0x";
				CLANG_CXX_LIBRARY = "libc++";
				CLANG_ENABLE_MODULES = YES;
				CLANG_ENABLE_OBJC_ARC = YES;
				CLANG_WARN_BOOL_CONVERSION = YES;
				CLANG_WARN_CONSTANT_CONVERSION = YES;
				CLANG_WARN_DIRECT_OBJC_ISA_USAGE = YES_ERROR;
				CLANG_WARN_EMPTY_BODY = YES;
				CLANG_WARN_ENUM_CONVERSION = YES;
				CLANG_WARN_INT_CONVERSION = YES;
				CLANG_WARN_OBJC_ROOT_CLASS = YES_ERROR;
				CLANG_WARN_UNREACHABLE_CODE = YES;
				CLANG_WARN__DUPLICATE_METHOD_MATCH = YES;
				"CODE_SIGN_IDENTITY[sdk=iphoneos*]" = "iPhone Developer";
				COPY_PHASE_STRIP = NO;
				DEBUG_INFORMATION_FORMAT = dwarf;
				ENABLE_STRICT_OBJC_MSGSEND = YES;
				ENABLE_TESTABILITY = YES;
				GCC_C_LANGUAGE_STANDARD = gnu99;
				GCC_DYNAMIC_NO_PIC = NO;
				GCC_NO_COMMON_BLOCKS = YES;
				GCC_OPTIMIZATION_LEVEL = 0;
				GCC_PREPROCESSOR_DEFINITIONS = (
					"DEBUG=1",
					"$(inherited)",
				);
				GCC_WARN_64_TO_32_BIT_CONVERSION = YES;
				GCC_WARN_ABOUT_RETURN_TYPE = YES_ERROR;
				GCC_WARN_UNDECLARED_SELECTOR = YES;
				GCC_WARN_UNINITIALIZED_AUTOS = YES_AGGRESSIVE;
				GCC_WARN_UNUSED_FUNCTION = YES;
				GCC_WARN_UNUSED_VARIABLE = YES;
				IPHONEOS_DEPLOYMENT_TARGET = 9.2;
				MTL_ENABLE_DEBUG_INFO = YES;
				ONLY_ACTIVE_ARCH = YES;
				SDKROOT = iphoneos;
				SWIFT_OPTIMIZATION_LEVEL = "-Onone";
				TARGETED_DEVICE_FAMILY = "1,2";
			};
			name = Debug;
		};
		6D1958F91C56D2A100726CA3 /* Release */ = {
			isa = XCBuildConfiguration;
			buildSettings = {
				ALWAYS_SEARCH_USER_PATHS = NO;
				CLANG_CXX_LANGUAGE_STANDARD = "gnu++0x";
				CLANG_CXX_LIBRARY = "libc++";
				CLANG_ENABLE_MODULES = YES;
				CLANG_ENABLE_OBJC_ARC = YES;
				CLANG_WARN_BOOL_CONVERSION = YES;
				CLANG_WARN_CONSTANT_CONVERSION = YES;
				CLANG_WARN_DIRECT_OBJC_ISA_USAGE = YES_ERROR;
				CLANG_WARN_EMPTY_BODY = YES;
				CLANG_WARN_ENUM_CONVERSION = YES;
				CLANG_WARN_INT_CONVERSION = YES;
				CLANG_WARN_OBJC_ROOT_CLASS = YES_ERROR;
				CLANG_WARN_UNREACHABLE_CODE = YES;
				CLANG_WARN__DUPLICATE_METHOD_MATCH = YES;
				"CODE_SIGN_IDENTITY[sdk=iphoneos*]" = "iPhone Developer";
				COPY_PHASE_STRIP = NO;
				DEBUG_INFORMATION_FORMAT = "dwarf-with-dsym";
				ENABLE_NS_ASSERTIONS = NO;
				ENABLE_STRICT_OBJC_MSGSEND = YES;
				GCC_C_LANGUAGE_STANDARD = gnu99;
				GCC_NO_COMMON_BLOCKS = YES;
				GCC_WARN_64_TO_32_BIT_CONVERSION = YES;
				GCC_WARN_ABOUT_RETURN_TYPE = YES_ERROR;
				GCC_WARN_UNDECLARED_SELECTOR = YES;
				GCC_WARN_UNINITIALIZED_AUTOS = YES_AGGRESSIVE;
				GCC_WARN_UNUSED_FUNCTION = YES;
				GCC_WARN_UNUSED_VARIABLE = YES;
				IPHONEOS_DEPLOYMENT_TARGET = 9.2;
				MTL_ENABLE_DEBUG_INFO = NO;
				SDKROOT = iphoneos;
				TARGETED_DEVICE_FAMILY = "1,2";
				VALIDATE_PRODUCT = YES;
			};
			name = Release;
		};
		6D1958FB1C56D2A100726CA3 /* Debug */ = {
			isa = XCBuildConfiguration;
			buildSettings = {
				ASSETCATALOG_COMPILER_APPICON_NAME = AppIcon;
				INFOPLIST_FILE = "my-hood/Info.plist";
				LD_RUNPATH_SEARCH_PATHS = "$(inherited) @executable_path/Frameworks";
				PRODUCT_BUNDLE_IDENTIFIER = "com.makangus.my-hood";
				PRODUCT_NAME = "$(TARGET_NAME)";
			};
			name = Debug;
		};
		6D1958FC1C56D2A100726CA3 /* Release */ = {
			isa = XCBuildConfiguration;
			buildSettings = {
				ASSETCATALOG_COMPILER_APPICON_NAME = AppIcon;
				INFOPLIST_FILE = "my-hood/Info.plist";
				LD_RUNPATH_SEARCH_PATHS = "$(inherited) @executable_path/Frameworks";
				PRODUCT_BUNDLE_IDENTIFIER = "com.makangus.my-hood";
				PRODUCT_NAME = "$(TARGET_NAME)";
			};
			name = Release;
		};
/* End XCBuildConfiguration section */

/* Begin XCConfigurationList section */
		6D1958E31C56D2A100726CA3 /* Build configuration list for PBXProject "my-hood" */ = {
			isa = XCConfigurationList;
			buildConfigurations = (
				6D1958F81C56D2A100726CA3 /* Debug */,
				6D1958F91C56D2A100726CA3 /* Release */,
			);
			defaultConfigurationIsVisible = 0;
			defaultConfigurationName = Release;
		};
		6D1958FA1C56D2A100726CA3 /* Build configuration list for PBXNativeTarget "my-hood" */ = {
			isa = XCConfigurationList;
			buildConfigurations = (
				6D1958FB1C56D2A100726CA3 /* Debug */,
				6D1958FC1C56D2A100726CA3 /* Release */,
			);
			defaultConfigurationIsVisible = 0;
			defaultConfigurationName = Release;
		};
/* End XCConfigurationList section */
	};
	rootObject = 6D1958E01C56D2A100726CA3 /* Project object */;
}
