// !$*UTF8*$!
{
	archiveVersion = 1;
	classes = {
	};
	objectVersion = 46;
	objects = {

/* Begin PBXBuildFile section */
		6D714C181C4F2FD200F45350 /* AppDelegate.swift in Sources */ = {isa = PBXBuildFile; fileRef = 6D714C171C4F2FD200F45350 /* AppDelegate.swift */; };
		6D714C1A1C4F2FD200F45350 /* ViewController.swift in Sources */ = {isa = PBXBuildFile; fileRef = 6D714C191C4F2FD200F45350 /* ViewController.swift */; };
		6D714C1D1C4F2FD200F45350 /* Main.storyboard in Resources */ = {isa = PBXBuildFile; fileRef = 6D714C1B1C4F2FD200F45350 /* Main.storyboard */; };
		6D714C1F1C4F2FD200F45350 /* Assets.xcassets in Resources */ = {isa = PBXBuildFile; fileRef = 6D714C1E1C4F2FD200F45350 /* Assets.xcassets */; };
		6D714C221C4F2FD200F45350 /* LaunchScreen.storyboard in Resources */ = {isa = PBXBuildFile; fileRef = 6D714C201C4F2FD200F45350 /* LaunchScreen.storyboard */; };
/* End PBXBuildFile section */

/* Begin PBXFileReference section */
		6D714C141C4F2FD200F45350 /* size-classes-exercise.app */ = {isa = PBXFileReference; explicitFileType = wrapper.application; includeInIndex = 0; path = "size-classes-exercise.app"; sourceTree = BUILT_PRODUCTS_DIR; };
		6D714C171C4F2FD200F45350 /* AppDelegate.swift */ = {isa = PBXFileReference; lastKnownFileType = sourcecode.swift; path = AppDelegate.swift; sourceTree = "<group>"; };
		6D714C191C4F2FD200F45350 /* ViewController.swift */ = {isa = PBXFileReference; lastKnownFileType = sourcecode.swift; path = ViewController.swift; sourceTree = "<group>"; };
		6D714C1C1C4F2FD200F45350 /* Base */ = {isa = PBXFileReference; lastKnownFileType = file.storyboard; name = Base; path = Base.lproj/Main.storyboard; sourceTree = "<group>"; };
		6D714C1E1C4F2FD200F45350 /* Assets.xcassets */ = {isa = PBXFileReference; lastKnownFileType = folder.assetcatalog; path = Assets.xcassets; sourceTree = "<group>"; };
		6D714C211C4F2FD200F45350 /* Base */ = {isa = PBXFileReference; lastKnownFileType = file.storyboard; name = Base; path = Base.lproj/LaunchScreen.storyboard; sourceTree = "<group>"; };
		6D714C231C4F2FD200F45350 /* Info.plist */ = {isa = PBXFileReference; lastKnownFileType = text.plist.xml; path = Info.plist; sourceTree = "<group>"; };
/* End PBXFileReference section */

/* Begin PBXFrameworksBuildPhase section */
		6D714C111C4F2FD200F45350 /* Frameworks */ = {
			isa = PBXFrameworksBuildPhase;
			buildActionMask = 2147483647;
			files = (
			);
			runOnlyForDeploymentPostprocessing = 0;
		};
/* End PBXFrameworksBuildPhase section */

/* Begin PBXGroup section */
		6D714C0B1C4F2FD200F45350 = {
			isa = PBXGroup;
			children = (
				6D714C161C4F2FD200F45350 /* size-classes-exercise */,
				6D714C151C4F2FD200F45350 /* Products */,
			);
			sourceTree = "<group>";
		};
		6D714C151C4F2FD200F45350 /* Products */ = {
			isa = PBXGroup;
			children = (
				6D714C141C4F2FD200F45350 /* size-classes-exercise.app */,
			);
			name = Products;
			sourceTree = "<group>";
		};
		6D714C161C4F2FD200F45350 /* size-classes-exercise */ = {
			isa = PBXGroup;
			children = (
				6D714C171C4F2FD200F45350 /* AppDelegate.swift */,
				6D714C191C4F2FD200F45350 /* ViewController.swift */,
				6D714C1B1C4F2FD200F45350 /* Main.storyboard */,
				6D714C1E1C4F2FD200F45350 /* Assets.xcassets */,
				6D714C201C4F2FD200F45350 /* LaunchScreen.storyboard */,
				6D714C231C4F2FD200F45350 /* Info.plist */,
			);
			path = "size-classes-exercise";
			sourceTree = "<group>";
		};
/* End PBXGroup section */

/* Begin PBXNativeTarget section */
		6D714C131C4F2FD200F45350 /* size-classes-exercise */ = {
			isa = PBXNativeTarget;
			buildConfigurationList = 6D714C261C4F2FD200F45350 /* Build configuration list for PBXNativeTarget "size-classes-exercise" */;
			buildPhases = (
				6D714C101C4F2FD200F45350 /* Sources */,
				6D714C111C4F2FD200F45350 /* Frameworks */,
				6D714C121C4F2FD200F45350 /* Resources */,
			);
			buildRules = (
			);
			dependencies = (
			);
			name = "size-classes-exercise";
			productName = "size-classes-exercise";
			productReference = 6D714C141C4F2FD200F45350 /* size-classes-exercise.app */;
			productType = "com.apple.product-type.application";
		};
/* End PBXNativeTarget section */

/* Begin PBXProject section */
		6D714C0C1C4F2FD200F45350 /* Project object */ = {
			isa = PBXProject;
			attributes = {
				LastSwiftUpdateCheck = 0720;
				LastUpgradeCheck = 0720;
				ORGANIZATIONNAME = "Angus Mak";
				TargetAttributes = {
					6D714C131C4F2FD200F45350 = {
						CreatedOnToolsVersion = 7.2;
					};
				};
			};
			buildConfigurationList = 6D714C0F1C4F2FD200F45350 /* Build configuration list for PBXProject "size-classes-exercise" */;
			compatibilityVersion = "Xcode 3.2";
			developmentRegion = English;
			hasScannedForEncodings = 0;
			knownRegions = (
				en,
				Base,
			);
			mainGroup = 6D714C0B1C4F2FD200F45350;
			productRefGroup = 6D714C151C4F2FD200F45350 /* Products */;
			projectDirPath = "";
			projectRoot = "";
			targets = (
				6D714C131C4F2FD200F45350 /* size-classes-exercise */,
			);
		};
/* End PBXProject section */

/* Begin PBXResourcesBuildPhase section */
		6D714C121C4F2FD200F45350 /* Resources */ = {
			isa = PBXResourcesBuildPhase;
			buildActionMask = 2147483647;
			files = (
				6D714C221C4F2FD200F45350 /* LaunchScreen.storyboard in Resources */,
				6D714C1F1C4F2FD200F45350 /* Assets.xcassets in Resources */,
				6D714C1D1C4F2FD200F45350 /* Main.storyboard in Resources */,
			);
			runOnlyForDeploymentPostprocessing = 0;
		};
/* End PBXResourcesBuildPhase section */

/* Begin PBXSourcesBuildPhase section */
		6D714C101C4F2FD200F45350 /* Sources */ = {
			isa = PBXSourcesBuildPhase;
			buildActionMask = 2147483647;
			files = (
				6D714C1A1C4F2FD200F45350 /* ViewController.swift in Sources */,
				6D714C181C4F2FD200F45350 /* AppDelegate.swift in Sources */,
			);
			runOnlyForDeploymentPostprocessing = 0;
		};
/* End PBXSourcesBuildPhase section */

/* Begin PBXVariantGroup section */
		6D714C1B1C4F2FD200F45350 /* Main.storyboard */ = {
			isa = PBXVariantGroup;
			children = (
				6D714C1C1C4F2FD200F45350 /* Base */,
			);
			name = Main.storyboard;
			sourceTree = "<group>";
		};
		6D714C201C4F2FD200F45350 /* LaunchScreen.storyboard */ = {
			isa = PBXVariantGroup;
			children = (
				6D714C211C4F2FD200F45350 /* Base */,
			);
			name = LaunchScreen.storyboard;
			sourceTree = "<group>";
		};
/* End PBXVariantGroup section */

/* Begin XCBuildConfiguration section */
		6D714C241C4F2FD200F45350 /* Debug */ = {
			isa = XCBuildConfiguration;
			buildSettings = {
				ALWAYS_SEARCH_USER_PATHS = NO;
				CLANG_CXX_LANGUAGE_STANDARD = "gnu++0x";
				CLANG_CXX_LIBRARY = "libc++";
				CLANG_ENABLE_MODULES = YES;
				CLANG_ENABLE_OBJC_ARC = YES;
				CLANG_WARN_BOOL_CONVERSION = YES;
				CLANG_WARN_CONSTANT_CONVERSION = YES;
				CLANG_WARN_DIRECT_OBJC_ISA_USAGE = YES_ERROR;
				CLANG_WARN_EMPTY_BODY = YES;
				CLANG_WARN_ENUM_CONVERSION = YES;
				CLANG_WARN_INT_CONVERSION = YES;
				CLANG_WARN_OBJC_ROOT_CLASS = YES_ERROR;
				CLANG_WARN_UNREACHABLE_CODE = YES;
				CLANG_WARN__DUPLICATE_METHOD_MATCH = YES;
				"CODE_SIGN_IDENTITY[sdk=iphoneos*]" = "iPhone Developer";
				COPY_PHASE_STRIP = NO;
				DEBUG_INFORMATION_FORMAT = dwarf;
				ENABLE_STRICT_OBJC_MSGSEND = YES;
				ENABLE_TESTABILITY = YES;
				GCC_C_LANGUAGE_STANDARD = gnu99;
				GCC_DYNAMIC_NO_PIC = NO;
				GCC_NO_COMMON_BLOCKS = YES;
				GCC_OPTIMIZATION_LEVEL = 0;
				GCC_PREPROCESSOR_DEFINITIONS = (
					"DEBUG=1",
					"$(inherited)",
				);
				GCC_WARN_64_TO_32_BIT_CONVERSION = YES;
				GCC_WARN_ABOUT_RETURN_TYPE = YES_ERROR;
				GCC_WARN_UNDECLARED_SELECTOR = YES;
				GCC_WARN_UNINITIALIZED_AUTOS = YES_AGGRESSIVE;
				GCC_WARN_UNUSED_FUNCTION = YES;
				GCC_WARN_UNUSED_VARIABLE = YES;
				IPHONEOS_DEPLOYMENT_TARGET = 9.2;
				MTL_ENABLE_DEBUG_INFO = YES;
				ONLY_ACTIVE_ARCH = YES;
				SDKROOT = iphoneos;
				SWIFT_OPTIMIZATION_LEVEL = "-Onone";
				TARGETED_DEVICE_FAMILY = "1,2";
			};
			name = Debug;
		};
		6D714C251C4F2FD200F45350 /* Release */ = {
			isa = XCBuildConfiguration;
			buildSettings = {
				ALWAYS_SEARCH_USER_PATHS = NO;
				CLANG_CXX_LANGUAGE_STANDARD = "gnu++0x";
				CLANG_CXX_LIBRARY = "libc++";
				CLANG_ENABLE_MODULES = YES;
				CLANG_ENABLE_OBJC_ARC = YES;
				CLANG_WARN_BOOL_CONVERSION = YES;
				CLANG_WARN_CONSTANT_CONVERSION = YES;
				CLANG_WARN_DIRECT_OBJC_ISA_USAGE = YES_ERROR;
				CLANG_WARN_EMPTY_BODY = YES;
				CLANG_WARN_ENUM_CONVERSION = YES;
				CLANG_WARN_INT_CONVERSION = YES;
				CLANG_WARN_OBJC_ROOT_CLASS = YES_ERROR;
				CLANG_WARN_UNREACHABLE_CODE = YES;
				CLANG_WARN__DUPLICATE_METHOD_MATCH = YES;
				"CODE_SIGN_IDENTITY[sdk=iphoneos*]" = "iPhone Developer";
				COPY_PHASE_STRIP = NO;
				DEBUG_INFORMATION_FORMAT = "dwarf-with-dsym";
				ENABLE_NS_ASSERTIONS = NO;
				ENABLE_STRICT_OBJC_MSGSEND = YES;
				GCC_C_LANGUAGE_STANDARD = gnu99;
				GCC_NO_COMMON_BLOCKS = YES;
				GCC_WARN_64_TO_32_BIT_CONVERSION = YES;
				GCC_WARN_ABOUT_RETURN_TYPE = YES_ERROR;
				GCC_WARN_UNDECLARED_SELECTOR = YES;
				GCC_WARN_UNINITIALIZED_AUTOS = YES_AGGRESSIVE;
				GCC_WARN_UNUSED_FUNCTION = YES;
				GCC_WARN_UNUSED_VARIABLE = YES;
				IPHONEOS_DEPLOYMENT_TARGET = 9.2;
				MTL_ENABLE_DEBUG_INFO = NO;
				SDKROOT = iphoneos;
				TARGETED_DEVICE_FAMILY = "1,2";
				VALIDATE_PRODUCT = YES;
			};
			name = Release;
		};
		6D714C271C4F2FD200F45350 /* Debug */ = {
			isa = XCBuildConfiguration;
			buildSettings = {
				ASSETCATALOG_COMPILER_APPICON_NAME = AppIcon;
				INFOPLIST_FILE = "size-classes-exercise/Info.plist";
				LD_RUNPATH_SEARCH_PATHS = "$(inherited) @executable_path/Frameworks";
				PRODUCT_BUNDLE_IDENTIFIER = "com.makangus.size-classes-exercise";
				PRODUCT_NAME = "$(TARGET_NAME)";
			};
			name = Debug;
		};
		6D714C281C4F2FD200F45350 /* Release */ = {
			isa = XCBuildConfiguration;
			buildSettings = {
				ASSETCATALOG_COMPILER_APPICON_NAME = AppIcon;
				INFOPLIST_FILE = "size-classes-exercise/Info.plist";
				LD_RUNPATH_SEARCH_PATHS = "$(inherited) @executable_path/Frameworks";
				PRODUCT_BUNDLE_IDENTIFIER = "com.makangus.size-classes-exercise";
				PRODUCT_NAME = "$(TARGET_NAME)";
			};
			name = Release;
		};
/* End XCBuildConfiguration section */

/* Begin XCConfigurationList section */
		6D714C0F1C4F2FD200F45350 /* Build configuration list for PBXProject "size-classes-exercise" */ = {
			isa = XCConfigurationList;
			buildConfigurations = (
				6D714C241C4F2FD200F45350 /* Debug */,
				6D714C251C4F2FD200F45350 /* Release */,
			);
			defaultConfigurationIsVisible = 0;
			defaultConfigurationName = Release;
		};
		6D714C261C4F2FD200F45350 /* Build configuration list for PBXNativeTarget "size-classes-exercise" */ = {
			isa = XCConfigurationList;
			buildConfigurations = (
				6D714C271C4F2FD200F45350 /* Debug */,
				6D714C281C4F2FD200F45350 /* Release */,
			);
			defaultConfigurationIsVisible = 0;
		};
/* End XCConfigurationList section */
	};
	rootObject = 6D714C0C1C4F2FD200F45350 /* Project object */;
}
