// !$*UTF8*$!
{
	archiveVersion = 1;
	classes = {
	};
	objectVersion = 46;
	objects = {

/* Begin PBXBuildFile section */
		6DD7E98B1C50877E007EE808 /* AppDelegate.swift in Sources */ = {isa = PBXBuildFile; fileRef = 6DD7E98A1C50877E007EE808 /* AppDelegate.swift */; };
		6DD7E98D1C50877E007EE808 /* ViewController.swift in Sources */ = {isa = PBXBuildFile; fileRef = 6DD7E98C1C50877E007EE808 /* ViewController.swift */; };
		6DD7E9901C50877E007EE808 /* Main.storyboard in Resources */ = {isa = PBXBuildFile; fileRef = 6DD7E98E1C50877E007EE808 /* Main.storyboard */; };
		6DD7E9921C50877E007EE808 /* Assets.xcassets in Resources */ = {isa = PBXBuildFile; fileRef = 6DD7E9911C50877E007EE808 /* Assets.xcassets */; };
		6DD7E9951C50877E007EE808 /* LaunchScreen.storyboard in Resources */ = {isa = PBXBuildFile; fileRef = 6DD7E9931C50877E007EE808 /* LaunchScreen.storyboard */; };
		6DD7E99D1C508AE3007EE808 /* UglyCell.swift in Sources */ = {isa = PBXBuildFile; fileRef = 6DD7E99C1C508AE3007EE808 /* UglyCell.swift */; };
/* End PBXBuildFile section */

/* Begin PBXFileReference section */
		6DD7E9871C50877E007EE808 /* marks-table-view.app */ = {isa = PBXFileReference; explicitFileType = wrapper.application; includeInIndex = 0; path = "marks-table-view.app"; sourceTree = BUILT_PRODUCTS_DIR; };
		6DD7E98A1C50877E007EE808 /* AppDelegate.swift */ = {isa = PBXFileReference; lastKnownFileType = sourcecode.swift; path = AppDelegate.swift; sourceTree = "<group>"; };
		6DD7E98C1C50877E007EE808 /* ViewController.swift */ = {isa = PBXFileReference; lastKnownFileType = sourcecode.swift; path = ViewController.swift; sourceTree = "<group>"; };
		6DD7E98F1C50877E007EE808 /* Base */ = {isa = PBXFileReference; lastKnownFileType = file.storyboard; name = Base; path = Base.lproj/Main.storyboard; sourceTree = "<group>"; };
		6DD7E9911C50877E007EE808 /* Assets.xcassets */ = {isa = PBXFileReference; lastKnownFileType = folder.assetcatalog; path = Assets.xcassets; sourceTree = "<group>"; };
		6DD7E9941C50877E007EE808 /* Base */ = {isa = PBXFileReference; lastKnownFileType = file.storyboard; name = Base; path = Base.lproj/LaunchScreen.storyboard; sourceTree = "<group>"; };
		6DD7E9961C50877E007EE808 /* Info.plist */ = {isa = PBXFileReference; lastKnownFileType = text.plist.xml; path = Info.plist; sourceTree = "<group>"; };
		6DD7E99C1C508AE3007EE808 /* UglyCell.swift */ = {isa = PBXFileReference; fileEncoding = 4; lastKnownFileType = sourcecode.swift; path = UglyCell.swift; sourceTree = "<group>"; };
/* End PBXFileReference section */

/* Begin PBXFrameworksBuildPhase section */
		6DD7E9841C50877E007EE808 /* Frameworks */ = {
			isa = PBXFrameworksBuildPhase;
			buildActionMask = 2147483647;
			files = (
			);
			runOnlyForDeploymentPostprocessing = 0;
		};
/* End PBXFrameworksBuildPhase section */

/* Begin PBXGroup section */
		6DD7E97E1C50877E007EE808 = {
			isa = PBXGroup;
			children = (
				6DD7E9891C50877E007EE808 /* marks-table-view */,
				6DD7E9881C50877E007EE808 /* Products */,
			);
			sourceTree = "<group>";
		};
		6DD7E9881C50877E007EE808 /* Products */ = {
			isa = PBXGroup;
			children = (
				6DD7E9871C50877E007EE808 /* marks-table-view.app */,
			);
			name = Products;
			sourceTree = "<group>";
		};
		6DD7E9891C50877E007EE808 /* marks-table-view */ = {
			isa = PBXGroup;
			children = (
				6DD7E98A1C50877E007EE808 /* AppDelegate.swift */,
				6DD7E98C1C50877E007EE808 /* ViewController.swift */,
				6DD7E98E1C50877E007EE808 /* Main.storyboard */,
				6DD7E9911C50877E007EE808 /* Assets.xcassets */,
				6DD7E9931C50877E007EE808 /* LaunchScreen.storyboard */,
				6DD7E9961C50877E007EE808 /* Info.plist */,
				6DD7E99C1C508AE3007EE808 /* UglyCell.swift */,
			);
			path = "marks-table-view";
			sourceTree = "<group>";
		};
/* End PBXGroup section */

/* Begin PBXNativeTarget section */
		6DD7E9861C50877E007EE808 /* marks-table-view */ = {
			isa = PBXNativeTarget;
			buildConfigurationList = 6DD7E9991C50877E007EE808 /* Build configuration list for PBXNativeTarget "marks-table-view" */;
			buildPhases = (
				6DD7E9831C50877E007EE808 /* Sources */,
				6DD7E9841C50877E007EE808 /* Frameworks */,
				6DD7E9851C50877E007EE808 /* Resources */,
			);
			buildRules = (
			);
			dependencies = (
			);
			name = "marks-table-view";
			productName = "marks-table-view";
			productReference = 6DD7E9871C50877E007EE808 /* marks-table-view.app */;
			productType = "com.apple.product-type.application";
		};
/* End PBXNativeTarget section */

/* Begin PBXProject section */
		6DD7E97F1C50877E007EE808 /* Project object */ = {
			isa = PBXProject;
			attributes = {
				LastSwiftUpdateCheck = 0720;
				LastUpgradeCheck = 0720;
				ORGANIZATIONNAME = "Angus Mak";
				TargetAttributes = {
					6DD7E9861C50877E007EE808 = {
						CreatedOnToolsVersion = 7.2;
						DevelopmentTeam = 9SS6BN77J3;
					};
				};
			};
			buildConfigurationList = 6DD7E9821C50877E007EE808 /* Build configuration list for PBXProject "marks-table-view" */;
			compatibilityVersion = "Xcode 3.2";
			developmentRegion = English;
			hasScannedForEncodings = 0;
			knownRegions = (
				en,
				Base,
			);
			mainGroup = 6DD7E97E1C50877E007EE808;
			productRefGroup = 6DD7E9881C50877E007EE808 /* Products */;
			projectDirPath = "";
			projectRoot = "";
			targets = (
				6DD7E9861C50877E007EE808 /* marks-table-view */,
			);
		};
/* End PBXProject section */

/* Begin PBXResourcesBuildPhase section */
		6DD7E9851C50877E007EE808 /* Resources */ = {
			isa = PBXResourcesBuildPhase;
			buildActionMask = 2147483647;
			files = (
				6DD7E9951C50877E007EE808 /* LaunchScreen.storyboard in Resources */,
				6DD7E9921C50877E007EE808 /* Assets.xcassets in Resources */,
				6DD7E9901C50877E007EE808 /* Main.storyboard in Resources */,
			);
			runOnlyForDeploymentPostprocessing = 0;
		};
/* End PBXResourcesBuildPhase section */

/* Begin PBXSourcesBuildPhase section */
		6DD7E9831C50877E007EE808 /* Sources */ = {
			isa = PBXSourcesBuildPhase;
			buildActionMask = 2147483647;
			files = (
				6DD7E99D1C508AE3007EE808 /* UglyCell.swift in Sources */,
				6DD7E98D1C50877E007EE808 /* ViewController.swift in Sources */,
				6DD7E98B1C50877E007EE808 /* AppDelegate.swift in Sources */,
			);
			runOnlyForDeploymentPostprocessing = 0;
		};
/* End PBXSourcesBuildPhase section */

/* Begin PBXVariantGroup section */
		6DD7E98E1C50877E007EE808 /* Main.storyboard */ = {
			isa = PBXVariantGroup;
			children = (
				6DD7E98F1C50877E007EE808 /* Base */,
			);
			name = Main.storyboard;
			sourceTree = "<group>";
		};
		6DD7E9931C50877E007EE808 /* LaunchScreen.storyboard */ = {
			isa = PBXVariantGroup;
			children = (
				6DD7E9941C50877E007EE808 /* Base */,
			);
			name = LaunchScreen.storyboard;
			sourceTree = "<group>";
		};
/* End PBXVariantGroup section */

/* Begin XCBuildConfiguration section */
		6DD7E9971C50877E007EE808 /* Debug */ = {
			isa = XCBuildConfiguration;
			buildSettings = {
				ALWAYS_SEARCH_USER_PATHS = NO;
				CLANG_CXX_LANGUAGE_STANDARD = "gnu++0x";
				CLANG_CXX_LIBRARY = "libc++";
				CLANG_ENABLE_MODULES = YES;
				CLANG_ENABLE_OBJC_ARC = YES;
				CLANG_WARN_BOOL_CONVERSION = YES;
				CLANG_WARN_CONSTANT_CONVERSION = YES;
				CLANG_WARN_DIRECT_OBJC_ISA_USAGE = YES_ERROR;
				CLANG_WARN_EMPTY_BODY = YES;
				CLANG_WARN_ENUM_CONVERSION = YES;
				CLANG_WARN_INT_CONVERSION = YES;
				CLANG_WARN_OBJC_ROOT_CLASS = YES_ERROR;
				CLANG_WARN_UNREACHABLE_CODE = YES;
				CLANG_WARN__DUPLICATE_METHOD_MATCH = YES;
				"CODE_SIGN_IDENTITY[sdk=iphoneos*]" = "iPhone Developer";
				COPY_PHASE_STRIP = NO;
				DEBUG_INFORMATION_FORMAT = dwarf;
				ENABLE_STRICT_OBJC_MSGSEND = YES;
				ENABLE_TESTABILITY = YES;
				GCC_C_LANGUAGE_STANDARD = gnu99;
				GCC_DYNAMIC_NO_PIC = NO;
				GCC_NO_COMMON_BLOCKS = YES;
				GCC_OPTIMIZATION_LEVEL = 0;
				GCC_PREPROCESSOR_DEFINITIONS = (
					"DEBUG=1",
					"$(inherited)",
				);
				GCC_WARN_64_TO_32_BIT_CONVERSION = YES;
				GCC_WARN_ABOUT_RETURN_TYPE = YES_ERROR;
				GCC_WARN_UNDECLARED_SELECTOR = YES;
				GCC_WARN_UNINITIALIZED_AUTOS = YES_AGGRESSIVE;
				GCC_WARN_UNUSED_FUNCTION = YES;
				GCC_WARN_UNUSED_VARIABLE = YES;
				IPHONEOS_DEPLOYMENT_TARGET = 9.2;
				MTL_ENABLE_DEBUG_INFO = YES;
				ONLY_ACTIVE_ARCH = YES;
				SDKROOT = iphoneos;
				SWIFT_OPTIMIZATION_LEVEL = "-Onone";
				TARGETED_DEVICE_FAMILY = "1,2";
			};
			name = Debug;
		};
		6DD7E9981C50877E007EE808 /* Release */ = {
			isa = XCBuildConfiguration;
			buildSettings = {
				ALWAYS_SEARCH_USER_PATHS = NO;
				CLANG_CXX_LANGUAGE_STANDARD = "gnu++0x";
				CLANG_CXX_LIBRARY = "libc++";
				CLANG_ENABLE_MODULES = YES;
				CLANG_ENABLE_OBJC_ARC = YES;
				CLANG_WARN_BOOL_CONVERSION = YES;
				CLANG_WARN_CONSTANT_CONVERSION = YES;
				CLANG_WARN_DIRECT_OBJC_ISA_USAGE = YES_ERROR;
				CLANG_WARN_EMPTY_BODY = YES;
				CLANG_WARN_ENUM_CONVERSION = YES;
				CLANG_WARN_INT_CONVERSION = YES;
				CLANG_WARN_OBJC_ROOT_CLASS = YES_ERROR;
				CLANG_WARN_UNREACHABLE_CODE = YES;
				CLANG_WARN__DUPLICATE_METHOD_MATCH = YES;
				"CODE_SIGN_IDENTITY[sdk=iphoneos*]" = "iPhone Developer";
				COPY_PHASE_STRIP = NO;
				DEBUG_INFORMATION_FORMAT = "dwarf-with-dsym";
				ENABLE_NS_ASSERTIONS = NO;
				ENABLE_STRICT_OBJC_MSGSEND = YES;
				GCC_C_LANGUAGE_STANDARD = gnu99;
				GCC_NO_COMMON_BLOCKS = YES;
				GCC_WARN_64_TO_32_BIT_CONVERSION = YES;
				GCC_WARN_ABOUT_RETURN_TYPE = YES_ERROR;
				GCC_WARN_UNDECLARED_SELECTOR = YES;
				GCC_WARN_UNINITIALIZED_AUTOS = YES_AGGRESSIVE;
				GCC_WARN_UNUSED_FUNCTION = YES;
				GCC_WARN_UNUSED_VARIABLE = YES;
				IPHONEOS_DEPLOYMENT_TARGET = 9.2;
				MTL_ENABLE_DEBUG_INFO = NO;
				SDKROOT = iphoneos;
				TARGETED_DEVICE_FAMILY = "1,2";
				VALIDATE_PRODUCT = YES;
			};
			name = Release;
		};
		6DD7E99A1C50877E007EE808 /* Debug */ = {
			isa = XCBuildConfiguration;
			buildSettings = {
				ASSETCATALOG_COMPILER_APPICON_NAME = AppIcon;
				INFOPLIST_FILE = "marks-table-view/Info.plist";
				LD_RUNPATH_SEARCH_PATHS = "$(inherited) @executable_path/Frameworks";
				PRODUCT_BUNDLE_IDENTIFIER = "com.makangus.marks-table-view";
				PRODUCT_NAME = "$(TARGET_NAME)";
			};
			name = Debug;
		};
		6DD7E99B1C50877E007EE808 /* Release */ = {
			isa = XCBuildConfiguration;
			buildSettings = {
				ASSETCATALOG_COMPILER_APPICON_NAME = AppIcon;
				INFOPLIST_FILE = "marks-table-view/Info.plist";
				LD_RUNPATH_SEARCH_PATHS = "$(inherited) @executable_path/Frameworks";
				PRODUCT_BUNDLE_IDENTIFIER = "com.makangus.marks-table-view";
				PRODUCT_NAME = "$(TARGET_NAME)";
			};
			name = Release;
		};
/* End XCBuildConfiguration section */

/* Begin XCConfigurationList section */
		6DD7E9821C50877E007EE808 /* Build configuration list for PBXProject "marks-table-view" */ = {
			isa = XCConfigurationList;
			buildConfigurations = (
				6DD7E9971C50877E007EE808 /* Debug */,
				6DD7E9981C50877E007EE808 /* Release */,
			);
			defaultConfigurationIsVisible = 0;
			defaultConfigurationName = Release;
		};
		6DD7E9991C50877E007EE808 /* Build configuration list for PBXNativeTarget "marks-table-view" */ = {
			isa = XCConfigurationList;
			buildConfigurations = (
				6DD7E99A1C50877E007EE808 /* Debug */,
				6DD7E99B1C50877E007EE808 /* Release */,
			);
			defaultConfigurationIsVisible = 0;
		};
/* End XCConfigurationList section */
	};
	rootObject = 6DD7E97F1C50877E007EE808 /* Project object */;
}
