// !$*UTF8*$!
{
	archiveVersion = 1;
	classes = {
	};
	objectVersion = 46;
	objects = {

/* Begin PBXBuildFile section */
		6D0550CC1C80CE2200BAAA01 /* PhotoDataSource.swift in Sources */ = {isa = PBXBuildFile; fileRef = 6D0550CB1C80CE2200BAAA01 /* PhotoDataSource.swift */; };
		6D0550CE1C80D69300BAAA01 /* PhotoCollectionViewCell.swift in Sources */ = {isa = PBXBuildFile; fileRef = 6D0550CD1C80D69300BAAA01 /* PhotoCollectionViewCell.swift */; };
		6DE630761C7FB69C004C4361 /* AppDelegate.swift in Sources */ = {isa = PBXBuildFile; fileRef = 6DE630751C7FB69C004C4361 /* AppDelegate.swift */; };
		6DE6307B1C7FB69C004C4361 /* Main.storyboard in Resources */ = {isa = PBXBuildFile; fileRef = 6DE630791C7FB69C004C4361 /* Main.storyboard */; };
		6DE6307D1C7FB69C004C4361 /* Assets.xcassets in Resources */ = {isa = PBXBuildFile; fileRef = 6DE6307C1C7FB69C004C4361 /* Assets.xcassets */; };
		6DE630801C7FB69C004C4361 /* LaunchScreen.storyboard in Resources */ = {isa = PBXBuildFile; fileRef = 6DE6307E1C7FB69C004C4361 /* LaunchScreen.storyboard */; };
		6DE630881C7FB817004C4361 /* PhotosViewController.swift in Sources */ = {isa = PBXBuildFile; fileRef = 6DE630871C7FB817004C4361 /* PhotosViewController.swift */; };
		6DE6308A1C7FB97D004C4361 /* FlickrAPI.swift in Sources */ = {isa = PBXBuildFile; fileRef = 6DE630891C7FB97D004C4361 /* FlickrAPI.swift */; };
		6DE6308C1C7FBD50004C4361 /* PhotoStore.swift in Sources */ = {isa = PBXBuildFile; fileRef = 6DE6308B1C7FBD50004C4361 /* PhotoStore.swift */; };
		6DE6308E1C7FC0B3004C4361 /* Photo.swift in Sources */ = {isa = PBXBuildFile; fileRef = 6DE6308D1C7FC0B3004C4361 /* Photo.swift */; };
		6DE6DEBB1C879CE30000F248 /* PhotoInfoViewController.swift in Sources */ = {isa = PBXBuildFile; fileRef = 6DE6DEBA1C879CE30000F248 /* PhotoInfoViewController.swift */; };
/* End PBXBuildFile section */

/* Begin PBXFileReference section */
		6D0550CB1C80CE2200BAAA01 /* PhotoDataSource.swift */ = {isa = PBXFileReference; fileEncoding = 4; lastKnownFileType = sourcecode.swift; path = PhotoDataSource.swift; sourceTree = "<group>"; };
		6D0550CD1C80D69300BAAA01 /* PhotoCollectionViewCell.swift */ = {isa = PBXFileReference; fileEncoding = 4; lastKnownFileType = sourcecode.swift; path = PhotoCollectionViewCell.swift; sourceTree = "<group>"; };
		6DE630721C7FB69C004C4361 /* Photorama.app */ = {isa = PBXFileReference; explicitFileType = wrapper.application; includeInIndex = 0; path = Photorama.app; sourceTree = BUILT_PRODUCTS_DIR; };
		6DE630751C7FB69C004C4361 /* AppDelegate.swift */ = {isa = PBXFileReference; lastKnownFileType = sourcecode.swift; path = AppDelegate.swift; sourceTree = "<group>"; };
		6DE6307A1C7FB69C004C4361 /* Base */ = {isa = PBXFileReference; lastKnownFileType = file.storyboard; name = Base; path = Base.lproj/Main.storyboard; sourceTree = "<group>"; };
		6DE6307C1C7FB69C004C4361 /* Assets.xcassets */ = {isa = PBXFileReference; lastKnownFileType = folder.assetcatalog; path = Assets.xcassets; sourceTree = "<group>"; };
		6DE6307F1C7FB69C004C4361 /* Base */ = {isa = PBXFileReference; lastKnownFileType = file.storyboard; name = Base; path = Base.lproj/LaunchScreen.storyboard; sourceTree = "<group>"; };
		6DE630811C7FB69C004C4361 /* Info.plist */ = {isa = PBXFileReference; lastKnownFileType = text.plist.xml; path = Info.plist; sourceTree = "<group>"; };
		6DE630871C7FB817004C4361 /* PhotosViewController.swift */ = {isa = PBXFileReference; fileEncoding = 4; lastKnownFileType = sourcecode.swift; path = PhotosViewController.swift; sourceTree = "<group>"; };
		6DE630891C7FB97D004C4361 /* FlickrAPI.swift */ = {isa = PBXFileReference; fileEncoding = 4; lastKnownFileType = sourcecode.swift; path = FlickrAPI.swift; sourceTree = "<group>"; };
		6DE6308B1C7FBD50004C4361 /* PhotoStore.swift */ = {isa = PBXFileReference; fileEncoding = 4; lastKnownFileType = sourcecode.swift; path = PhotoStore.swift; sourceTree = "<group>"; };
		6DE6308D1C7FC0B3004C4361 /* Photo.swift */ = {isa = PBXFileReference; fileEncoding = 4; lastKnownFileType = sourcecode.swift; path = Photo.swift; sourceTree = "<group>"; };
		6DE6DEBA1C879CE30000F248 /* PhotoInfoViewController.swift */ = {isa = PBXFileReference; fileEncoding = 4; lastKnownFileType = sourcecode.swift; path = PhotoInfoViewController.swift; sourceTree = "<group>"; };
/* End PBXFileReference section */

/* Begin PBXFrameworksBuildPhase section */
		6DE6306F1C7FB69C004C4361 /* Frameworks */ = {
			isa = PBXFrameworksBuildPhase;
			buildActionMask = 2147483647;
			files = (
			);
			runOnlyForDeploymentPostprocessing = 0;
		};
/* End PBXFrameworksBuildPhase section */

/* Begin PBXGroup section */
		6DE630691C7FB69C004C4361 = {
			isa = PBXGroup;
			children = (
				6DE630741C7FB69C004C4361 /* Photorama */,
				6DE630731C7FB69C004C4361 /* Products */,
			);
			sourceTree = "<group>";
		};
		6DE630731C7FB69C004C4361 /* Products */ = {
			isa = PBXGroup;
			children = (
				6DE630721C7FB69C004C4361 /* Photorama.app */,
			);
			name = Products;
			sourceTree = "<group>";
		};
		6DE630741C7FB69C004C4361 /* Photorama */ = {
			isa = PBXGroup;
			children = (
				6DE630751C7FB69C004C4361 /* AppDelegate.swift */,
				6DE630791C7FB69C004C4361 /* Main.storyboard */,
				6D0550CD1C80D69300BAAA01 /* PhotoCollectionViewCell.swift */,
				6D0550CB1C80CE2200BAAA01 /* PhotoDataSource.swift */,
				6DE630891C7FB97D004C4361 /* FlickrAPI.swift */,
				6DE6308B1C7FBD50004C4361 /* PhotoStore.swift */,
				6DE630871C7FB817004C4361 /* PhotosViewController.swift */,
				6DE6308D1C7FC0B3004C4361 /* Photo.swift */,
				6DE6DEBA1C879CE30000F248 /* PhotoInfoViewController.swift */,
				6DE6307C1C7FB69C004C4361 /* Assets.xcassets */,
				6DE6307E1C7FB69C004C4361 /* LaunchScreen.storyboard */,
				6DE630811C7FB69C004C4361 /* Info.plist */,
			);
			path = Photorama;
			sourceTree = "<group>";
		};
/* End PBXGroup section */

/* Begin PBXNativeTarget section */
		6DE630711C7FB69C004C4361 /* Photorama */ = {
			isa = PBXNativeTarget;
			buildConfigurationList = 6DE630841C7FB69C004C4361 /* Build configuration list for PBXNativeTarget "Photorama" */;
			buildPhases = (
				6DE6306E1C7FB69C004C4361 /* Sources */,
				6DE6306F1C7FB69C004C4361 /* Frameworks */,
				6DE630701C7FB69C004C4361 /* Resources */,
			);
			buildRules = (
			);
			dependencies = (
			);
			name = Photorama;
			productName = Photorama;
			productReference = 6DE630721C7FB69C004C4361 /* Photorama.app */;
			productType = "com.apple.product-type.application";
		};
/* End PBXNativeTarget section */

/* Begin PBXProject section */
		6DE6306A1C7FB69C004C4361 /* Project object */ = {
			isa = PBXProject;
			attributes = {
				LastSwiftUpdateCheck = 0720;
				LastUpgradeCheck = 0720;
				ORGANIZATIONNAME = "Angus Mak";
				TargetAttributes = {
					6DE630711C7FB69C004C4361 = {
						CreatedOnToolsVersion = 7.2.1;
						DevelopmentTeam = 9SS6BN77J3;
					};
				};
			};
			buildConfigurationList = 6DE6306D1C7FB69C004C4361 /* Build configuration list for PBXProject "Photorama" */;
			compatibilityVersion = "Xcode 3.2";
			developmentRegion = English;
			hasScannedForEncodings = 0;
			knownRegions = (
				en,
				Base,
			);
			mainGroup = 6DE630691C7FB69C004C4361;
			productRefGroup = 6DE630731C7FB69C004C4361 /* Products */;
			projectDirPath = "";
			projectRoot = "";
			targets = (
				6DE630711C7FB69C004C4361 /* Photorama */,
			);
		};
/* End PBXProject section */

/* Begin PBXResourcesBuildPhase section */
		6DE630701C7FB69C004C4361 /* Resources */ = {
			isa = PBXResourcesBuildPhase;
			buildActionMask = 2147483647;
			files = (
				6DE630801C7FB69C004C4361 /* LaunchScreen.storyboard in Resources */,
				6DE6307D1C7FB69C004C4361 /* Assets.xcassets in Resources */,
				6DE6307B1C7FB69C004C4361 /* Main.storyboard in Resources */,
			);
			runOnlyForDeploymentPostprocessing = 0;
		};
/* End PBXResourcesBuildPhase section */

/* Begin PBXSourcesBuildPhase section */
		6DE6306E1C7FB69C004C4361 /* Sources */ = {
			isa = PBXSourcesBuildPhase;
			buildActionMask = 2147483647;
			files = (
				6DE6308A1C7FB97D004C4361 /* FlickrAPI.swift in Sources */,
				6DE630881C7FB817004C4361 /* PhotosViewController.swift in Sources */,
				6DE6308C1C7FBD50004C4361 /* PhotoStore.swift in Sources */,
				6D0550CC1C80CE2200BAAA01 /* PhotoDataSource.swift in Sources */,
				6D0550CE1C80D69300BAAA01 /* PhotoCollectionViewCell.swift in Sources */,
				6DE6DEBB1C879CE30000F248 /* PhotoInfoViewController.swift in Sources */,
				6DE630761C7FB69C004C4361 /* AppDelegate.swift in Sources */,
				6DE6308E1C7FC0B3004C4361 /* Photo.swift in Sources */,
			);
			runOnlyForDeploymentPostprocessing = 0;
		};
/* End PBXSourcesBuildPhase section */

/* Begin PBXVariantGroup section */
		6DE630791C7FB69C004C4361 /* Main.storyboard */ = {
			isa = PBXVariantGroup;
			children = (
				6DE6307A1C7FB69C004C4361 /* Base */,
			);
			name = Main.storyboard;
			sourceTree = "<group>";
		};
		6DE6307E1C7FB69C004C4361 /* LaunchScreen.storyboard */ = {
			isa = PBXVariantGroup;
			children = (
				6DE6307F1C7FB69C004C4361 /* Base */,
			);
			name = LaunchScreen.storyboard;
			sourceTree = "<group>";
		};
/* End PBXVariantGroup section */

/* Begin XCBuildConfiguration section */
		6DE630821C7FB69C004C4361 /* Debug */ = {
			isa = XCBuildConfiguration;
			buildSettings = {
				ALWAYS_SEARCH_USER_PATHS = NO;
				CLANG_CXX_LANGUAGE_STANDARD = "gnu++0x";
				CLANG_CXX_LIBRARY = "libc++";
				CLANG_ENABLE_MODULES = YES;
				CLANG_ENABLE_OBJC_ARC = YES;
				CLANG_WARN_BOOL_CONVERSION = YES;
				CLANG_WARN_CONSTANT_CONVERSION = YES;
				CLANG_WARN_DIRECT_OBJC_ISA_USAGE = YES_ERROR;
				CLANG_WARN_EMPTY_BODY = YES;
				CLANG_WARN_ENUM_CONVERSION = YES;
				CLANG_WARN_INT_CONVERSION = YES;
				CLANG_WARN_OBJC_ROOT_CLASS = YES_ERROR;
				CLANG_WARN_UNREACHABLE_CODE = YES;
				CLANG_WARN__DUPLICATE_METHOD_MATCH = YES;
				"CODE_SIGN_IDENTITY[sdk=iphoneos*]" = "iPhone Developer";
				COPY_PHASE_STRIP = NO;
				DEBUG_INFORMATION_FORMAT = dwarf;
				ENABLE_STRICT_OBJC_MSGSEND = YES;
				ENABLE_TESTABILITY = YES;
				GCC_C_LANGUAGE_STANDARD = gnu99;
				GCC_DYNAMIC_NO_PIC = NO;
				GCC_NO_COMMON_BLOCKS = YES;
				GCC_OPTIMIZATION_LEVEL = 0;
				GCC_PREPROCESSOR_DEFINITIONS = (
					"DEBUG=1",
					"$(inherited)",
				);
				GCC_WARN_64_TO_32_BIT_CONVERSION = YES;
				GCC_WARN_ABOUT_RETURN_TYPE = YES_ERROR;
				GCC_WARN_UNDECLARED_SELECTOR = YES;
				GCC_WARN_UNINITIALIZED_AUTOS = YES_AGGRESSIVE;
				GCC_WARN_UNUSED_FUNCTION = YES;
				GCC_WARN_UNUSED_VARIABLE = YES;
				IPHONEOS_DEPLOYMENT_TARGET = 9.2;
				MTL_ENABLE_DEBUG_INFO = YES;
				ONLY_ACTIVE_ARCH = YES;
				SDKROOT = iphoneos;
				SWIFT_OPTIMIZATION_LEVEL = "-Onone";
				TARGETED_DEVICE_FAMILY = "1,2";
			};
			name = Debug;
		};
		6DE630831C7FB69C004C4361 /* Release */ = {
			isa = XCBuildConfiguration;
			buildSettings = {
				ALWAYS_SEARCH_USER_PATHS = NO;
				CLANG_CXX_LANGUAGE_STANDARD = "gnu++0x";
				CLANG_CXX_LIBRARY = "libc++";
				CLANG_ENABLE_MODULES = YES;
				CLANG_ENABLE_OBJC_ARC = YES;
				CLANG_WARN_BOOL_CONVERSION = YES;
				CLANG_WARN_CONSTANT_CONVERSION = YES;
				CLANG_WARN_DIRECT_OBJC_ISA_USAGE = YES_ERROR;
				CLANG_WARN_EMPTY_BODY = YES;
				CLANG_WARN_ENUM_CONVERSION = YES;
				CLANG_WARN_INT_CONVERSION = YES;
				CLANG_WARN_OBJC_ROOT_CLASS = YES_ERROR;
				CLANG_WARN_UNREACHABLE_CODE = YES;
				CLANG_WARN__DUPLICATE_METHOD_MATCH = YES;
				"CODE_SIGN_IDENTITY[sdk=iphoneos*]" = "iPhone Developer";
				COPY_PHASE_STRIP = NO;
				DEBUG_INFORMATION_FORMAT = "dwarf-with-dsym";
				ENABLE_NS_ASSERTIONS = NO;
				ENABLE_STRICT_OBJC_MSGSEND = YES;
				GCC_C_LANGUAGE_STANDARD = gnu99;
				GCC_NO_COMMON_BLOCKS = YES;
				GCC_WARN_64_TO_32_BIT_CONVERSION = YES;
				GCC_WARN_ABOUT_RETURN_TYPE = YES_ERROR;
				GCC_WARN_UNDECLARED_SELECTOR = YES;
				GCC_WARN_UNINITIALIZED_AUTOS = YES_AGGRESSIVE;
				GCC_WARN_UNUSED_FUNCTION = YES;
				GCC_WARN_UNUSED_VARIABLE = YES;
				IPHONEOS_DEPLOYMENT_TARGET = 9.2;
				MTL_ENABLE_DEBUG_INFO = NO;
				SDKROOT = iphoneos;
				TARGETED_DEVICE_FAMILY = "1,2";
				VALIDATE_PRODUCT = YES;
			};
			name = Release;
		};
		6DE630851C7FB69C004C4361 /* Debug */ = {
			isa = XCBuildConfiguration;
			buildSettings = {
				ASSETCATALOG_COMPILER_APPICON_NAME = AppIcon;
				INFOPLIST_FILE = Photorama/Info.plist;
				LD_RUNPATH_SEARCH_PATHS = "$(inherited) @executable_path/Frameworks";
				PRODUCT_BUNDLE_IDENTIFIER = com.makangus.Photorama;
				PRODUCT_NAME = "$(TARGET_NAME)";
			};
			name = Debug;
		};
		6DE630861C7FB69C004C4361 /* Release */ = {
			isa = XCBuildConfiguration;
			buildSettings = {
				ASSETCATALOG_COMPILER_APPICON_NAME = AppIcon;
				INFOPLIST_FILE = Photorama/Info.plist;
				LD_RUNPATH_SEARCH_PATHS = "$(inherited) @executable_path/Frameworks";
				PRODUCT_BUNDLE_IDENTIFIER = com.makangus.Photorama;
				PRODUCT_NAME = "$(TARGET_NAME)";
			};
			name = Release;
		};
/* End XCBuildConfiguration section */

/* Begin XCConfigurationList section */
		6DE6306D1C7FB69C004C4361 /* Build configuration list for PBXProject "Photorama" */ = {
			isa = XCConfigurationList;
			buildConfigurations = (
				6DE630821C7FB69C004C4361 /* Debug */,
				6DE630831C7FB69C004C4361 /* Release */,
			);
			defaultConfigurationIsVisible = 0;
			defaultConfigurationName = Release;
		};
		6DE630841C7FB69C004C4361 /* Build configuration list for PBXNativeTarget "Photorama" */ = {
			isa = XCConfigurationList;
			buildConfigurations = (
				6DE630851C7FB69C004C4361 /* Debug */,
				6DE630861C7FB69C004C4361 /* Release */,
			);
			defaultConfigurationIsVisible = 0;
			defaultConfigurationName = Release;
		};
/* End XCConfigurationList section */
	};
	rootObject = 6DE6306A1C7FB69C004C4361 /* Project object */;
}
